// !$*UTF8*$!
{
	archiveVersion = 1;
	classes = {
	};
	objectVersion = 46;
	objects = {

/* Begin PBXBuildFile section */
		1E3624F118CB280A00E08E4A /* Foundation.framework in Frameworks */ = {isa = PBXBuildFile; fileRef = 1E3624F018CB280A00E08E4A /* Foundation.framework */; };
		1E3624F318CB280A00E08E4A /* CoreGraphics.framework in Frameworks */ = {isa = PBXBuildFile; fileRef = 1E3624F218CB280A00E08E4A /* CoreGraphics.framework */; };
		1E3624F518CB280A00E08E4A /* UIKit.framework in Frameworks */ = {isa = PBXBuildFile; fileRef = 1E3624F418CB280A00E08E4A /* UIKit.framework */; };
		1E3624F718CB280A00E08E4A /* SpriteKit.framework in Frameworks */ = {isa = PBXBuildFile; fileRef = 1E3624F618CB280A00E08E4A /* SpriteKit.framework */; };
		1E3624FD18CB280A00E08E4A /* InfoPlist.strings in Resources */ = {isa = PBXBuildFile; fileRef = 1E3624FB18CB280A00E08E4A /* InfoPlist.strings */; };
		1E3624FF18CB280A00E08E4A /* main.m in Sources */ = {isa = PBXBuildFile; fileRef = 1E3624FE18CB280A00E08E4A /* main.m */; };
		1E36250318CB280A00E08E4A /* BMAppDelegate.m in Sources */ = {isa = PBXBuildFile; fileRef = 1E36250218CB280A00E08E4A /* BMAppDelegate.m */; };
		1E36250618CB280A00E08E4A /* Main.storyboard in Resources */ = {isa = PBXBuildFile; fileRef = 1E36250418CB280A00E08E4A /* Main.storyboard */; };
		1E36250918CB280A00E08E4A /* BMViewController.m in Sources */ = {isa = PBXBuildFile; fileRef = 1E36250818CB280A00E08E4A /* BMViewController.m */; };
		1E36250C18CB280A00E08E4A /* BMStartScene.m in Sources */ = {isa = PBXBuildFile; fileRef = 1E36250B18CB280A00E08E4A /* BMStartScene.m */; };
		1E36250E18CB280A00E08E4A /* Spaceship.png in Resources */ = {isa = PBXBuildFile; fileRef = 1E36250D18CB280A00E08E4A /* Spaceship.png */; };
		1E36251018CB280A00E08E4A /* Images.xcassets in Resources */ = {isa = PBXBuildFile; fileRef = 1E36250F18CB280A00E08E4A /* Images.xcassets */; };
		1E36251718CB280A00E08E4A /* XCTest.framework in Frameworks */ = {isa = PBXBuildFile; fileRef = 1E36251618CB280A00E08E4A /* XCTest.framework */; };
		1E36251818CB280A00E08E4A /* Foundation.framework in Frameworks */ = {isa = PBXBuildFile; fileRef = 1E3624F018CB280A00E08E4A /* Foundation.framework */; };
		1E36251918CB280A00E08E4A /* UIKit.framework in Frameworks */ = {isa = PBXBuildFile; fileRef = 1E3624F418CB280A00E08E4A /* UIKit.framework */; };
		1E36252118CB280A00E08E4A /* InfoPlist.strings in Resources */ = {isa = PBXBuildFile; fileRef = 1E36251F18CB280A00E08E4A /* InfoPlist.strings */; };
		1E36252318CB280A00E08E4A /* BlackMagicTests.m in Sources */ = {isa = PBXBuildFile; fileRef = 1E36252218CB280A00E08E4A /* BlackMagicTests.m */; };
		1E3625A218CB3E1C00E08E4A /* AFHTTPRequestOperation.m in Sources */ = {isa = PBXBuildFile; fileRef = 1E36257B18CB3E1C00E08E4A /* AFHTTPRequestOperation.m */; };
		1E3625A318CB3E1C00E08E4A /* AFHTTPRequestOperationManager.m in Sources */ = {isa = PBXBuildFile; fileRef = 1E36257D18CB3E1C00E08E4A /* AFHTTPRequestOperationManager.m */; };
		1E3625A418CB3E1C00E08E4A /* AFHTTPSessionManager.m in Sources */ = {isa = PBXBuildFile; fileRef = 1E36257F18CB3E1C00E08E4A /* AFHTTPSessionManager.m */; };
		1E3625A518CB3E1C00E08E4A /* AFNetworkReachabilityManager.m in Sources */ = {isa = PBXBuildFile; fileRef = 1E36258218CB3E1C00E08E4A /* AFNetworkReachabilityManager.m */; };
		1E3625A618CB3E1C00E08E4A /* AFSecurityPolicy.m in Sources */ = {isa = PBXBuildFile; fileRef = 1E36258418CB3E1C00E08E4A /* AFSecurityPolicy.m */; };
		1E3625A718CB3E1C00E08E4A /* AFURLConnectionOperation.m in Sources */ = {isa = PBXBuildFile; fileRef = 1E36258618CB3E1C00E08E4A /* AFURLConnectionOperation.m */; };
		1E3625A818CB3E1C00E08E4A /* AFURLRequestSerialization.m in Sources */ = {isa = PBXBuildFile; fileRef = 1E36258818CB3E1C00E08E4A /* AFURLRequestSerialization.m */; };
		1E3625A918CB3E1C00E08E4A /* AFURLResponseSerialization.m in Sources */ = {isa = PBXBuildFile; fileRef = 1E36258A18CB3E1C00E08E4A /* AFURLResponseSerialization.m */; };
		1E3625AA18CB3E1C00E08E4A /* AFURLSessionManager.m in Sources */ = {isa = PBXBuildFile; fileRef = 1E36258C18CB3E1C00E08E4A /* AFURLSessionManager.m */; };
		1E3625AB18CB3E1C00E08E4A /* SettingsHandler.m in Sources */ = {isa = PBXBuildFile; fileRef = 1E36258F18CB3E1C00E08E4A /* SettingsHandler.m */; };
		1E3625AC18CB3E1C00E08E4A /* AFNetworkActivityIndicatorManager.m in Sources */ = {isa = PBXBuildFile; fileRef = 1E36259218CB3E1C00E08E4A /* AFNetworkActivityIndicatorManager.m */; };
		1E3625AD18CB3E1C00E08E4A /* UIActivityIndicatorView+AFNetworking.m in Sources */ = {isa = PBXBuildFile; fileRef = 1E36259418CB3E1C00E08E4A /* UIActivityIndicatorView+AFNetworking.m */; };
		1E3625AE18CB3E1C00E08E4A /* UIAlertView+AFNetworking.m in Sources */ = {isa = PBXBuildFile; fileRef = 1E36259618CB3E1C00E08E4A /* UIAlertView+AFNetworking.m */; };
		1E3625AF18CB3E1C00E08E4A /* UIButton+AFNetworking.m in Sources */ = {isa = PBXBuildFile; fileRef = 1E36259818CB3E1C00E08E4A /* UIButton+AFNetworking.m */; };
		1E3625B018CB3E1C00E08E4A /* UIImageView+AFNetworking.m in Sources */ = {isa = PBXBuildFile; fileRef = 1E36259A18CB3E1C00E08E4A /* UIImageView+AFNetworking.m */; };
		1E3625B118CB3E1C00E08E4A /* UIProgressView+AFNetworking.m in Sources */ = {isa = PBXBuildFile; fileRef = 1E36259D18CB3E1C00E08E4A /* UIProgressView+AFNetworking.m */; };
		1E3625B218CB3E1C00E08E4A /* UIRefreshControl+AFNetworking.m in Sources */ = {isa = PBXBuildFile; fileRef = 1E36259F18CB3E1C00E08E4A /* UIRefreshControl+AFNetworking.m */; };
		1E3625B318CB3E1C00E08E4A /* UIWebView+AFNetworking.m in Sources */ = {isa = PBXBuildFile; fileRef = 1E3625A118CB3E1C00E08E4A /* UIWebView+AFNetworking.m */; };
		805E53C818CB34CD004E7A1B /* BMCard.m in Sources */ = {isa = PBXBuildFile; fileRef = 805E53C718CB34CD004E7A1B /* BMCard.m */; };
/* End PBXBuildFile section */

/* Begin PBXContainerItemProxy section */
		1E36251A18CB280A00E08E4A /* PBXContainerItemProxy */ = {
			isa = PBXContainerItemProxy;
			containerPortal = 1E3624E518CB280A00E08E4A /* Project object */;
			proxyType = 1;
			remoteGlobalIDString = 1E3624EC18CB280A00E08E4A;
			remoteInfo = BlackMagic;
		};
/* End PBXContainerItemProxy section */

/* Begin PBXFileReference section */
		1E3624ED18CB280A00E08E4A /* BlackMagic.app */ = {isa = PBXFileReference; explicitFileType = wrapper.application; includeInIndex = 0; path = BlackMagic.app; sourceTree = BUILT_PRODUCTS_DIR; };
		1E3624F018CB280A00E08E4A /* Foundation.framework */ = {isa = PBXFileReference; lastKnownFileType = wrapper.framework; name = Foundation.framework; path = System/Library/Frameworks/Foundation.framework; sourceTree = SDKROOT; };
		1E3624F218CB280A00E08E4A /* CoreGraphics.framework */ = {isa = PBXFileReference; lastKnownFileType = wrapper.framework; name = CoreGraphics.framework; path = System/Library/Frameworks/CoreGraphics.framework; sourceTree = SDKROOT; };
		1E3624F418CB280A00E08E4A /* UIKit.framework */ = {isa = PBXFileReference; lastKnownFileType = wrapper.framework; name = UIKit.framework; path = System/Library/Frameworks/UIKit.framework; sourceTree = SDKROOT; };
		1E3624F618CB280A00E08E4A /* SpriteKit.framework */ = {isa = PBXFileReference; lastKnownFileType = wrapper.framework; name = SpriteKit.framework; path = System/Library/Frameworks/SpriteKit.framework; sourceTree = SDKROOT; };
		1E3624FA18CB280A00E08E4A /* BlackMagic-Info.plist */ = {isa = PBXFileReference; lastKnownFileType = text.plist.xml; path = "BlackMagic-Info.plist"; sourceTree = "<group>"; };
		1E3624FC18CB280A00E08E4A /* en */ = {isa = PBXFileReference; lastKnownFileType = text.plist.strings; name = en; path = en.lproj/InfoPlist.strings; sourceTree = "<group>"; };
		1E3624FE18CB280A00E08E4A /* main.m */ = {isa = PBXFileReference; lastKnownFileType = sourcecode.c.objc; path = main.m; sourceTree = "<group>"; };
		1E36250018CB280A00E08E4A /* BlackMagic-Prefix.pch */ = {isa = PBXFileReference; lastKnownFileType = sourcecode.c.h; path = "BlackMagic-Prefix.pch"; sourceTree = "<group>"; };
		1E36250118CB280A00E08E4A /* BMAppDelegate.h */ = {isa = PBXFileReference; lastKnownFileType = sourcecode.c.h; path = BMAppDelegate.h; sourceTree = "<group>"; };
		1E36250218CB280A00E08E4A /* BMAppDelegate.m */ = {isa = PBXFileReference; lastKnownFileType = sourcecode.c.objc; path = BMAppDelegate.m; sourceTree = "<group>"; };
		1E36250518CB280A00E08E4A /* Base */ = {isa = PBXFileReference; lastKnownFileType = file.storyboard; name = Base; path = Base.lproj/Main.storyboard; sourceTree = "<group>"; };
		1E36250718CB280A00E08E4A /* BMViewController.h */ = {isa = PBXFileReference; lastKnownFileType = sourcecode.c.h; path = BMViewController.h; sourceTree = "<group>"; };
		1E36250818CB280A00E08E4A /* BMViewController.m */ = {isa = PBXFileReference; lastKnownFileType = sourcecode.c.objc; path = BMViewController.m; sourceTree = "<group>"; };
		1E36250A18CB280A00E08E4A /* BMStartScene.h */ = {isa = PBXFileReference; lastKnownFileType = sourcecode.c.h; path = BMStartScene.h; sourceTree = "<group>"; };
		1E36250B18CB280A00E08E4A /* BMStartScene.m */ = {isa = PBXFileReference; lastKnownFileType = sourcecode.c.objc; path = BMStartScene.m; sourceTree = "<group>"; };
		1E36250D18CB280A00E08E4A /* Spaceship.png */ = {isa = PBXFileReference; lastKnownFileType = image.png; path = Spaceship.png; sourceTree = "<group>"; };
		1E36250F18CB280A00E08E4A /* Images.xcassets */ = {isa = PBXFileReference; lastKnownFileType = folder.assetcatalog; path = Images.xcassets; sourceTree = "<group>"; };
		1E36251518CB280A00E08E4A /* BlackMagicTests.xctest */ = {isa = PBXFileReference; explicitFileType = wrapper.cfbundle; includeInIndex = 0; path = BlackMagicTests.xctest; sourceTree = BUILT_PRODUCTS_DIR; };
		1E36251618CB280A00E08E4A /* XCTest.framework */ = {isa = PBXFileReference; lastKnownFileType = wrapper.framework; name = XCTest.framework; path = Library/Frameworks/XCTest.framework; sourceTree = DEVELOPER_DIR; };
		1E36251E18CB280A00E08E4A /* BlackMagicTests-Info.plist */ = {isa = PBXFileReference; lastKnownFileType = text.plist.xml; path = "BlackMagicTests-Info.plist"; sourceTree = "<group>"; };
		1E36252018CB280A00E08E4A /* en */ = {isa = PBXFileReference; lastKnownFileType = text.plist.strings; name = en; path = en.lproj/InfoPlist.strings; sourceTree = "<group>"; };
		1E36252218CB280A00E08E4A /* BlackMagicTests.m */ = {isa = PBXFileReference; lastKnownFileType = sourcecode.c.objc; path = BlackMagicTests.m; sourceTree = "<group>"; };
		1E36257A18CB3E1C00E08E4A /* AFHTTPRequestOperation.h */ = {isa = PBXFileReference; fileEncoding = 4; lastKnownFileType = sourcecode.c.h; path = AFHTTPRequestOperation.h; sourceTree = "<group>"; };
		1E36257B18CB3E1C00E08E4A /* AFHTTPRequestOperation.m */ = {isa = PBXFileReference; fileEncoding = 4; lastKnownFileType = sourcecode.c.objc; path = AFHTTPRequestOperation.m; sourceTree = "<group>"; };
		1E36257C18CB3E1C00E08E4A /* AFHTTPRequestOperationManager.h */ = {isa = PBXFileReference; fileEncoding = 4; lastKnownFileType = sourcecode.c.h; path = AFHTTPRequestOperationManager.h; sourceTree = "<group>"; };
		1E36257D18CB3E1C00E08E4A /* AFHTTPRequestOperationManager.m */ = {isa = PBXFileReference; fileEncoding = 4; lastKnownFileType = sourcecode.c.objc; path = AFHTTPRequestOperationManager.m; sourceTree = "<group>"; };
		1E36257E18CB3E1C00E08E4A /* AFHTTPSessionManager.h */ = {isa = PBXFileReference; fileEncoding = 4; lastKnownFileType = sourcecode.c.h; path = AFHTTPSessionManager.h; sourceTree = "<group>"; };
		1E36257F18CB3E1C00E08E4A /* AFHTTPSessionManager.m */ = {isa = PBXFileReference; fileEncoding = 4; lastKnownFileType = sourcecode.c.objc; path = AFHTTPSessionManager.m; sourceTree = "<group>"; };
		1E36258018CB3E1C00E08E4A /* AFNetworking.h */ = {isa = PBXFileReference; fileEncoding = 4; lastKnownFileType = sourcecode.c.h; path = AFNetworking.h; sourceTree = "<group>"; };
		1E36258118CB3E1C00E08E4A /* AFNetworkReachabilityManager.h */ = {isa = PBXFileReference; fileEncoding = 4; lastKnownFileType = sourcecode.c.h; path = AFNetworkReachabilityManager.h; sourceTree = "<group>"; };
		1E36258218CB3E1C00E08E4A /* AFNetworkReachabilityManager.m */ = {isa = PBXFileReference; fileEncoding = 4; lastKnownFileType = sourcecode.c.objc; path = AFNetworkReachabilityManager.m; sourceTree = "<group>"; };
		1E36258318CB3E1C00E08E4A /* AFSecurityPolicy.h */ = {isa = PBXFileReference; fileEncoding = 4; lastKnownFileType = sourcecode.c.h; path = AFSecurityPolicy.h; sourceTree = "<group>"; };
		1E36258418CB3E1C00E08E4A /* AFSecurityPolicy.m */ = {isa = PBXFileReference; fileEncoding = 4; lastKnownFileType = sourcecode.c.objc; path = AFSecurityPolicy.m; sourceTree = "<group>"; };
		1E36258518CB3E1C00E08E4A /* AFURLConnectionOperation.h */ = {isa = PBXFileReference; fileEncoding = 4; lastKnownFileType = sourcecode.c.h; path = AFURLConnectionOperation.h; sourceTree = "<group>"; };
		1E36258618CB3E1C00E08E4A /* AFURLConnectionOperation.m */ = {isa = PBXFileReference; fileEncoding = 4; lastKnownFileType = sourcecode.c.objc; path = AFURLConnectionOperation.m; sourceTree = "<group>"; };
		1E36258718CB3E1C00E08E4A /* AFURLRequestSerialization.h */ = {isa = PBXFileReference; fileEncoding = 4; lastKnownFileType = sourcecode.c.h; path = AFURLRequestSerialization.h; sourceTree = "<group>"; };
		1E36258818CB3E1C00E08E4A /* AFURLRequestSerialization.m */ = {isa = PBXFileReference; fileEncoding = 4; lastKnownFileType = sourcecode.c.objc; path = AFURLRequestSerialization.m; sourceTree = "<group>"; };
		1E36258918CB3E1C00E08E4A /* AFURLResponseSerialization.h */ = {isa = PBXFileReference; fileEncoding = 4; lastKnownFileType = sourcecode.c.h; path = AFURLResponseSerialization.h; sourceTree = "<group>"; };
		1E36258A18CB3E1C00E08E4A /* AFURLResponseSerialization.m */ = {isa = PBXFileReference; fileEncoding = 4; lastKnownFileType = sourcecode.c.objc; path = AFURLResponseSerialization.m; sourceTree = "<group>"; };
		1E36258B18CB3E1C00E08E4A /* AFURLSessionManager.h */ = {isa = PBXFileReference; fileEncoding = 4; lastKnownFileType = sourcecode.c.h; path = AFURLSessionManager.h; sourceTree = "<group>"; };
		1E36258C18CB3E1C00E08E4A /* AFURLSessionManager.m */ = {isa = PBXFileReference; fileEncoding = 4; lastKnownFileType = sourcecode.c.objc; path = AFURLSessionManager.m; sourceTree = "<group>"; };
		1E36258E18CB3E1C00E08E4A /* SettingsHandler.h */ = {isa = PBXFileReference; fileEncoding = 4; lastKnownFileType = sourcecode.c.h; path = SettingsHandler.h; sourceTree = "<group>"; };
		1E36258F18CB3E1C00E08E4A /* SettingsHandler.m */ = {isa = PBXFileReference; fileEncoding = 4; lastKnownFileType = sourcecode.c.objc; path = SettingsHandler.m; sourceTree = "<group>"; };
		1E36259118CB3E1C00E08E4A /* AFNetworkActivityIndicatorManager.h */ = {isa = PBXFileReference; fileEncoding = 4; lastKnownFileType = sourcecode.c.h; path = AFNetworkActivityIndicatorManager.h; sourceTree = "<group>"; };
		1E36259218CB3E1C00E08E4A /* AFNetworkActivityIndicatorManager.m */ = {isa = PBXFileReference; fileEncoding = 4; lastKnownFileType = sourcecode.c.objc; path = AFNetworkActivityIndicatorManager.m; sourceTree = "<group>"; };
		1E36259318CB3E1C00E08E4A /* UIActivityIndicatorView+AFNetworking.h */ = {isa = PBXFileReference; fileEncoding = 4; lastKnownFileType = sourcecode.c.h; path = "UIActivityIndicatorView+AFNetworking.h"; sourceTree = "<group>"; };
		1E36259418CB3E1C00E08E4A /* UIActivityIndicatorView+AFNetworking.m */ = {isa = PBXFileReference; fileEncoding = 4; lastKnownFileType = sourcecode.c.objc; path = "UIActivityIndicatorView+AFNetworking.m"; sourceTree = "<group>"; };
		1E36259518CB3E1C00E08E4A /* UIAlertView+AFNetworking.h */ = {isa = PBXFileReference; fileEncoding = 4; lastKnownFileType = sourcecode.c.h; path = "UIAlertView+AFNetworking.h"; sourceTree = "<group>"; };
		1E36259618CB3E1C00E08E4A /* UIAlertView+AFNetworking.m */ = {isa = PBXFileReference; fileEncoding = 4; lastKnownFileType = sourcecode.c.objc; path = "UIAlertView+AFNetworking.m"; sourceTree = "<group>"; };
		1E36259718CB3E1C00E08E4A /* UIButton+AFNetworking.h */ = {isa = PBXFileReference; fileEncoding = 4; lastKnownFileType = sourcecode.c.h; path = "UIButton+AFNetworking.h"; sourceTree = "<group>"; };
		1E36259818CB3E1C00E08E4A /* UIButton+AFNetworking.m */ = {isa = PBXFileReference; fileEncoding = 4; lastKnownFileType = sourcecode.c.objc; path = "UIButton+AFNetworking.m"; sourceTree = "<group>"; };
		1E36259918CB3E1C00E08E4A /* UIImageView+AFNetworking.h */ = {isa = PBXFileReference; fileEncoding = 4; lastKnownFileType = sourcecode.c.h; path = "UIImageView+AFNetworking.h"; sourceTree = "<group>"; };
		1E36259A18CB3E1C00E08E4A /* UIImageView+AFNetworking.m */ = {isa = PBXFileReference; fileEncoding = 4; lastKnownFileType = sourcecode.c.objc; path = "UIImageView+AFNetworking.m"; sourceTree = "<group>"; };
		1E36259B18CB3E1C00E08E4A /* UIKit+AFNetworking.h */ = {isa = PBXFileReference; fileEncoding = 4; lastKnownFileType = sourcecode.c.h; path = "UIKit+AFNetworking.h"; sourceTree = "<group>"; };
		1E36259C18CB3E1C00E08E4A /* UIProgressView+AFNetworking.h */ = {isa = PBXFileReference; fileEncoding = 4; lastKnownFileType = sourcecode.c.h; path = "UIProgressView+AFNetworking.h"; sourceTree = "<group>"; };
		1E36259D18CB3E1C00E08E4A /* UIProgressView+AFNetworking.m */ = {isa = PBXFileReference; fileEncoding = 4; lastKnownFileType = sourcecode.c.objc; path = "UIProgressView+AFNetworking.m"; sourceTree = "<group>"; };
		1E36259E18CB3E1C00E08E4A /* UIRefreshControl+AFNetworking.h */ = {isa = PBXFileReference; fileEncoding = 4; lastKnownFileType = sourcecode.c.h; path = "UIRefreshControl+AFNetworking.h"; sourceTree = "<group>"; };
		1E36259F18CB3E1C00E08E4A /* UIRefreshControl+AFNetworking.m */ = {isa = PBXFileReference; fileEncoding = 4; lastKnownFileType = sourcecode.c.objc; path = "UIRefreshControl+AFNetworking.m"; sourceTree = "<group>"; };
		1E3625A018CB3E1C00E08E4A /* UIWebView+AFNetworking.h */ = {isa = PBXFileReference; fileEncoding = 4; lastKnownFileType = sourcecode.c.h; path = "UIWebView+AFNetworking.h"; sourceTree = "<group>"; };
		1E3625A118CB3E1C00E08E4A /* UIWebView+AFNetworking.m */ = {isa = PBXFileReference; fileEncoding = 4; lastKnownFileType = sourcecode.c.objc; path = "UIWebView+AFNetworking.m"; sourceTree = "<group>"; };
		805E53C618CB34CD004E7A1B /* BMCard.h */ = {isa = PBXFileReference; fileEncoding = 4; lastKnownFileType = sourcecode.c.h; path = BMCard.h; sourceTree = "<group>"; };
		805E53C718CB34CD004E7A1B /* BMCard.m */ = {isa = PBXFileReference; fileEncoding = 4; lastKnownFileType = sourcecode.c.objc; path = BMCard.m; sourceTree = "<group>"; };
/* End PBXFileReference section */

/* Begin PBXFrameworksBuildPhase section */
		1E3624EA18CB280A00E08E4A /* Frameworks */ = {
			isa = PBXFrameworksBuildPhase;
			buildActionMask = 2147483647;
			files = (
				1E3624F318CB280A00E08E4A /* CoreGraphics.framework in Frameworks */,
				1E3624F518CB280A00E08E4A /* UIKit.framework in Frameworks */,
				1E3624F718CB280A00E08E4A /* SpriteKit.framework in Frameworks */,
				1E3624F118CB280A00E08E4A /* Foundation.framework in Frameworks */,
			);
			runOnlyForDeploymentPostprocessing = 0;
		};
		1E36251218CB280A00E08E4A /* Frameworks */ = {
			isa = PBXFrameworksBuildPhase;
			buildActionMask = 2147483647;
			files = (
				1E36251718CB280A00E08E4A /* XCTest.framework in Frameworks */,
				1E36251918CB280A00E08E4A /* UIKit.framework in Frameworks */,
				1E36251818CB280A00E08E4A /* Foundation.framework in Frameworks */,
			);
			runOnlyForDeploymentPostprocessing = 0;
		};
/* End PBXFrameworksBuildPhase section */

/* Begin PBXGroup section */
		1E3624E418CB280A00E08E4A = {
			isa = PBXGroup;
			children = (
				1E3624F818CB280A00E08E4A /* BlackMagic */,
				1E36251C18CB280A00E08E4A /* BlackMagicTests */,
				1E3624EF18CB280A00E08E4A /* Frameworks */,
				1E3624EE18CB280A00E08E4A /* Products */,
			);
			sourceTree = "<group>";
		};
		1E3624EE18CB280A00E08E4A /* Products */ = {
			isa = PBXGroup;
			children = (
				1E3624ED18CB280A00E08E4A /* BlackMagic.app */,
				1E36251518CB280A00E08E4A /* BlackMagicTests.xctest */,
			);
			name = Products;
			sourceTree = "<group>";
		};
		1E3624EF18CB280A00E08E4A /* Frameworks */ = {
			isa = PBXGroup;
			children = (
				1E3624F018CB280A00E08E4A /* Foundation.framework */,
				1E3624F218CB280A00E08E4A /* CoreGraphics.framework */,
				1E3624F418CB280A00E08E4A /* UIKit.framework */,
				1E3624F618CB280A00E08E4A /* SpriteKit.framework */,
				1E36251618CB280A00E08E4A /* XCTest.framework */,
			);
			name = Frameworks;
			sourceTree = "<group>";
		};
		1E3624F818CB280A00E08E4A /* BlackMagic */ = {
			isa = PBXGroup;
			children = (
				1E36257918CB3E1C00E08E4A /* AFNetworking */,
				1E36258D18CB3E1C00E08E4A /* Settings */,
				1E36259018CB3E1C00E08E4A /* UIKit+AFNetworking */,
				1E36250118CB280A00E08E4A /* BMAppDelegate.h */,
				1E36250218CB280A00E08E4A /* BMAppDelegate.m */,
				1E36250418CB280A00E08E4A /* Main.storyboard */,
				1E36250718CB280A00E08E4A /* BMViewController.h */,
				1E36250818CB280A00E08E4A /* BMViewController.m */,
				1E36250A18CB280A00E08E4A /* BMStartScene.h */,
				1E36250B18CB280A00E08E4A /* BMStartScene.m */,
				805E53C618CB34CD004E7A1B /* BMCard.h */,
				805E53C718CB34CD004E7A1B /* BMCard.m */,
				1E36250D18CB280A00E08E4A /* Spaceship.png */,
				1E36250F18CB280A00E08E4A /* Images.xcassets */,
				1E3624F918CB280A00E08E4A /* Supporting Files */,
			);
			path = BlackMagic;
			sourceTree = "<group>";
		};
		1E3624F918CB280A00E08E4A /* Supporting Files */ = {
			isa = PBXGroup;
			children = (
				1E3624FA18CB280A00E08E4A /* BlackMagic-Info.plist */,
				1E3624FB18CB280A00E08E4A /* InfoPlist.strings */,
				1E3624FE18CB280A00E08E4A /* main.m */,
				1E36250018CB280A00E08E4A /* BlackMagic-Prefix.pch */,
			);
			name = "Supporting Files";
			sourceTree = "<group>";
		};
		1E36251C18CB280A00E08E4A /* BlackMagicTests */ = {
			isa = PBXGroup;
			children = (
				1E36252218CB280A00E08E4A /* BlackMagicTests.m */,
				1E36251D18CB280A00E08E4A /* Supporting Files */,
			);
			path = BlackMagicTests;
			sourceTree = "<group>";
		};
		1E36251D18CB280A00E08E4A /* Supporting Files */ = {
			isa = PBXGroup;
			children = (
				1E36251E18CB280A00E08E4A /* BlackMagicTests-Info.plist */,
				1E36251F18CB280A00E08E4A /* InfoPlist.strings */,
			);
			name = "Supporting Files";
			sourceTree = "<group>";
		};
		1E36257918CB3E1C00E08E4A /* AFNetworking */ = {
			isa = PBXGroup;
			children = (
				1E36257A18CB3E1C00E08E4A /* AFHTTPRequestOperation.h */,
				1E36257B18CB3E1C00E08E4A /* AFHTTPRequestOperation.m */,
				1E36257C18CB3E1C00E08E4A /* AFHTTPRequestOperationManager.h */,
				1E36257D18CB3E1C00E08E4A /* AFHTTPRequestOperationManager.m */,
				1E36257E18CB3E1C00E08E4A /* AFHTTPSessionManager.h */,
				1E36257F18CB3E1C00E08E4A /* AFHTTPSessionManager.m */,
				1E36258018CB3E1C00E08E4A /* AFNetworking.h */,
				1E36258118CB3E1C00E08E4A /* AFNetworkReachabilityManager.h */,
				1E36258218CB3E1C00E08E4A /* AFNetworkReachabilityManager.m */,
				1E36258318CB3E1C00E08E4A /* AFSecurityPolicy.h */,
				1E36258418CB3E1C00E08E4A /* AFSecurityPolicy.m */,
				1E36258518CB3E1C00E08E4A /* AFURLConnectionOperation.h */,
				1E36258618CB3E1C00E08E4A /* AFURLConnectionOperation.m */,
				1E36258718CB3E1C00E08E4A /* AFURLRequestSerialization.h */,
				1E36258818CB3E1C00E08E4A /* AFURLRequestSerialization.m */,
				1E36258918CB3E1C00E08E4A /* AFURLResponseSerialization.h */,
				1E36258A18CB3E1C00E08E4A /* AFURLResponseSerialization.m */,
				1E36258B18CB3E1C00E08E4A /* AFURLSessionManager.h */,
				1E36258C18CB3E1C00E08E4A /* AFURLSessionManager.m */,
			);
			path = AFNetworking;
			sourceTree = "<group>";
		};
		1E36258D18CB3E1C00E08E4A /* Settings */ = {
			isa = PBXGroup;
			children = (
				1E36258E18CB3E1C00E08E4A /* SettingsHandler.h */,
				1E36258F18CB3E1C00E08E4A /* SettingsHandler.m */,
			);
			path = Settings;
			sourceTree = "<group>";
		};
		1E36259018CB3E1C00E08E4A /* UIKit+AFNetworking */ = {
			isa = PBXGroup;
			children = (
				1E36259118CB3E1C00E08E4A /* AFNetworkActivityIndicatorManager.h */,
				1E36259218CB3E1C00E08E4A /* AFNetworkActivityIndicatorManager.m */,
				1E36259318CB3E1C00E08E4A /* UIActivityIndicatorView+AFNetworking.h */,
				1E36259418CB3E1C00E08E4A /* UIActivityIndicatorView+AFNetworking.m */,
				1E36259518CB3E1C00E08E4A /* UIAlertView+AFNetworking.h */,
				1E36259618CB3E1C00E08E4A /* UIAlertView+AFNetworking.m */,
				1E36259718CB3E1C00E08E4A /* UIButton+AFNetworking.h */,
				1E36259818CB3E1C00E08E4A /* UIButton+AFNetworking.m */,
				1E36259918CB3E1C00E08E4A /* UIImageView+AFNetworking.h */,
				1E36259A18CB3E1C00E08E4A /* UIImageView+AFNetworking.m */,
				1E36259B18CB3E1C00E08E4A /* UIKit+AFNetworking.h */,
				1E36259C18CB3E1C00E08E4A /* UIProgressView+AFNetworking.h */,
				1E36259D18CB3E1C00E08E4A /* UIProgressView+AFNetworking.m */,
				1E36259E18CB3E1C00E08E4A /* UIRefreshControl+AFNetworking.h */,
				1E36259F18CB3E1C00E08E4A /* UIRefreshControl+AFNetworking.m */,
				1E3625A018CB3E1C00E08E4A /* UIWebView+AFNetworking.h */,
				1E3625A118CB3E1C00E08E4A /* UIWebView+AFNetworking.m */,
			);
			path = "UIKit+AFNetworking";
			sourceTree = "<group>";
		};
/* End PBXGroup section */

/* Begin PBXNativeTarget section */
		1E3624EC18CB280A00E08E4A /* BlackMagic */ = {
			isa = PBXNativeTarget;
			buildConfigurationList = 1E36252618CB280A00E08E4A /* Build configuration list for PBXNativeTarget "BlackMagic" */;
			buildPhases = (
				1E3624E918CB280A00E08E4A /* Sources */,
				1E3624EA18CB280A00E08E4A /* Frameworks */,
				1E3624EB18CB280A00E08E4A /* Resources */,
			);
			buildRules = (
			);
			dependencies = (
			);
			name = BlackMagic;
			productName = BlackMagic;
			productReference = 1E3624ED18CB280A00E08E4A /* BlackMagic.app */;
			productType = "com.apple.product-type.application";
		};
		1E36251418CB280A00E08E4A /* BlackMagicTests */ = {
			isa = PBXNativeTarget;
			buildConfigurationList = 1E36252918CB280A00E08E4A /* Build configuration list for PBXNativeTarget "BlackMagicTests" */;
			buildPhases = (
				1E36251118CB280A00E08E4A /* Sources */,
				1E36251218CB280A00E08E4A /* Frameworks */,
				1E36251318CB280A00E08E4A /* Resources */,
			);
			buildRules = (
			);
			dependencies = (
				1E36251B18CB280A00E08E4A /* PBXTargetDependency */,
			);
			name = BlackMagicTests;
			productName = BlackMagicTests;
			productReference = 1E36251518CB280A00E08E4A /* BlackMagicTests.xctest */;
			productType = "com.apple.product-type.bundle.unit-test";
		};
/* End PBXNativeTarget section */

/* Begin PBXProject section */
		1E3624E518CB280A00E08E4A /* Project object */ = {
			isa = PBXProject;
			attributes = {
				CLASSPREFIX = BM;
				LastUpgradeCheck = 0500;
				ORGANIZATIONNAME = BlackBone;
				TargetAttributes = {
					1E36251418CB280A00E08E4A = {
						TestTargetID = 1E3624EC18CB280A00E08E4A;
					};
				};
			};
			buildConfigurationList = 1E3624E818CB280A00E08E4A /* Build configuration list for PBXProject "BlackMagic" */;
			compatibilityVersion = "Xcode 3.2";
			developmentRegion = English;
			hasScannedForEncodings = 0;
			knownRegions = (
				en,
				Base,
			);
			mainGroup = 1E3624E418CB280A00E08E4A;
			productRefGroup = 1E3624EE18CB280A00E08E4A /* Products */;
			projectDirPath = "";
			projectRoot = "";
			targets = (
				1E3624EC18CB280A00E08E4A /* BlackMagic */,
				1E36251418CB280A00E08E4A /* BlackMagicTests */,
			);
		};
/* End PBXProject section */

/* Begin PBXResourcesBuildPhase section */
		1E3624EB18CB280A00E08E4A /* Resources */ = {
			isa = PBXResourcesBuildPhase;
			buildActionMask = 2147483647;
			files = (
				1E3624FD18CB280A00E08E4A /* InfoPlist.strings in Resources */,
				1E36251018CB280A00E08E4A /* Images.xcassets in Resources */,
				1E36250E18CB280A00E08E4A /* Spaceship.png in Resources */,
				1E36250618CB280A00E08E4A /* Main.storyboard in Resources */,
			);
			runOnlyForDeploymentPostprocessing = 0;
		};
		1E36251318CB280A00E08E4A /* Resources */ = {
			isa = PBXResourcesBuildPhase;
			buildActionMask = 2147483647;
			files = (
				1E36252118CB280A00E08E4A /* InfoPlist.strings in Resources */,
			);
			runOnlyForDeploymentPostprocessing = 0;
		};
/* End PBXResourcesBuildPhase section */

/* Begin PBXSourcesBuildPhase section */
		1E3624E918CB280A00E08E4A /* Sources */ = {
			isa = PBXSourcesBuildPhase;
			buildActionMask = 2147483647;
			files = (
				1E3625A718CB3E1C00E08E4A /* AFURLConnectionOperation.m in Sources */,
				1E3625A218CB3E1C00E08E4A /* AFHTTPRequestOperation.m in Sources */,
				1E3625A518CB3E1C00E08E4A /* AFNetworkReachabilityManager.m in Sources */,
				1E3625AA18CB3E1C00E08E4A /* AFURLSessionManager.m in Sources */,
				1E3625AC18CB3E1C00E08E4A /* AFNetworkActivityIndicatorManager.m in Sources */,
				1E3625A818CB3E1C00E08E4A /* AFURLRequestSerialization.m in Sources */,
				805E53C818CB34CD004E7A1B /* BMCard.m in Sources */,
				1E3625B118CB3E1C00E08E4A /* UIProgressView+AFNetworking.m in Sources */,
				1E3625A918CB3E1C00E08E4A /* AFURLResponseSerialization.m in Sources */,
				1E36250918CB280A00E08E4A /* BMViewController.m in Sources */,
				1E36250C18CB280A00E08E4A /* BMStartScene.m in Sources */,
				1E3625AF18CB3E1C00E08E4A /* UIButton+AFNetworking.m in Sources */,
				1E3625B018CB3E1C00E08E4A /* UIImageView+AFNetworking.m in Sources */,
				1E3625A318CB3E1C00E08E4A /* AFHTTPRequestOperationManager.m in Sources */,
				1E3625A618CB3E1C00E08E4A /* AFSecurityPolicy.m in Sources */,
				1E3625AE18CB3E1C00E08E4A /* UIAlertView+AFNetworking.m in Sources */,
				1E3625B318CB3E1C00E08E4A /* UIWebView+AFNetworking.m in Sources */,
				1E3625AD18CB3E1C00E08E4A /* UIActivityIndicatorView+AFNetworking.m in Sources */,
				1E3624FF18CB280A00E08E4A /* main.m in Sources */,
				1E3625B218CB3E1C00E08E4A /* UIRefreshControl+AFNetworking.m in Sources */,
				1E36250318CB280A00E08E4A /* BMAppDelegate.m in Sources */,
				1E3625A418CB3E1C00E08E4A /* AFHTTPSessionManager.m in Sources */,
				1E3625AB18CB3E1C00E08E4A /* SettingsHandler.m in Sources */,
			);
			runOnlyForDeploymentPostprocessing = 0;
		};
		1E36251118CB280A00E08E4A /* Sources */ = {
			isa = PBXSourcesBuildPhase;
			buildActionMask = 2147483647;
			files = (
				1E36252318CB280A00E08E4A /* BlackMagicTests.m in Sources */,
			);
			runOnlyForDeploymentPostprocessing = 0;
		};
/* End PBXSourcesBuildPhase section */

/* Begin PBXTargetDependency section */
		1E36251B18CB280A00E08E4A /* PBXTargetDependency */ = {
			isa = PBXTargetDependency;
			target = 1E3624EC18CB280A00E08E4A /* BlackMagic */;
			targetProxy = 1E36251A18CB280A00E08E4A /* PBXContainerItemProxy */;
		};
/* End PBXTargetDependency section */

/* Begin PBXVariantGroup section */
		1E3624FB18CB280A00E08E4A /* InfoPlist.strings */ = {
			isa = PBXVariantGroup;
			children = (
				1E3624FC18CB280A00E08E4A /* en */,
			);
			name = InfoPlist.strings;
			sourceTree = "<group>";
		};
		1E36250418CB280A00E08E4A /* Main.storyboard */ = {
			isa = PBXVariantGroup;
			children = (
				1E36250518CB280A00E08E4A /* Base */,
			);
			name = Main.storyboard;
			sourceTree = "<group>";
		};
		1E36251F18CB280A00E08E4A /* InfoPlist.strings */ = {
			isa = PBXVariantGroup;
			children = (
				1E36252018CB280A00E08E4A /* en */,
			);
			name = InfoPlist.strings;
			sourceTree = "<group>";
		};
/* End PBXVariantGroup section */

/* Begin XCBuildConfiguration section */
		1E36252418CB280A00E08E4A /* Debug */ = {
			isa = XCBuildConfiguration;
			buildSettings = {
				ALWAYS_SEARCH_USER_PATHS = NO;
				ARCHS = "$(ARCHS_STANDARD_INCLUDING_64_BIT)";
				CLANG_CXX_LANGUAGE_STANDARD = "gnu++0x";
				CLANG_CXX_LIBRARY = "libc++";
				CLANG_ENABLE_MODULES = YES;
				CLANG_ENABLE_OBJC_ARC = YES;
				CLANG_WARN_BOOL_CONVERSION = YES;
				CLANG_WARN_CONSTANT_CONVERSION = YES;
				CLANG_WARN_DIRECT_OBJC_ISA_USAGE = YES_ERROR;
				CLANG_WARN_EMPTY_BODY = YES;
				CLANG_WARN_ENUM_CONVERSION = YES;
				CLANG_WARN_INT_CONVERSION = YES;
				CLANG_WARN_OBJC_ROOT_CLASS = YES_ERROR;
				CLANG_WARN__DUPLICATE_METHOD_MATCH = YES;
				"CODE_SIGN_IDENTITY[sdk=iphoneos*]" = "iPhone Developer";
				COPY_PHASE_STRIP = NO;
				GCC_C_LANGUAGE_STANDARD = gnu99;
				GCC_DYNAMIC_NO_PIC = NO;
				GCC_OPTIMIZATION_LEVEL = 0;
				GCC_PREPROCESSOR_DEFINITIONS = (
					"DEBUG=1",
					"$(inherited)",
				);
				GCC_SYMBOLS_PRIVATE_EXTERN = NO;
				GCC_WARN_64_TO_32_BIT_CONVERSION = YES;
				GCC_WARN_ABOUT_RETURN_TYPE = YES_ERROR;
				GCC_WARN_UNDECLARED_SELECTOR = YES;
				GCC_WARN_UNINITIALIZED_AUTOS = YES;
				GCC_WARN_UNUSED_FUNCTION = YES;
				GCC_WARN_UNUSED_VARIABLE = YES;
				IPHONEOS_DEPLOYMENT_TARGET = 7.0;
				ONLY_ACTIVE_ARCH = YES;
				SDKROOT = iphoneos;
				TARGETED_DEVICE_FAMILY = 2;
			};
			name = Debug;
		};
		1E36252518CB280A00E08E4A /* Release */ = {
			isa = XCBuildConfiguration;
			buildSettings = {
				ALWAYS_SEARCH_USER_PATHS = NO;
				ARCHS = "$(ARCHS_STANDARD_INCLUDING_64_BIT)";
				CLANG_CXX_LANGUAGE_STANDARD = "gnu++0x";
				CLANG_CXX_LIBRARY = "libc++";
				CLANG_ENABLE_MODULES = YES;
				CLANG_ENABLE_OBJC_ARC = YES;
				CLANG_WARN_BOOL_CONVERSION = YES;
				CLANG_WARN_CONSTANT_CONVERSION = YES;
				CLANG_WARN_DIRECT_OBJC_ISA_USAGE = YES_ERROR;
				CLANG_WARN_EMPTY_BODY = YES;
				CLANG_WARN_ENUM_CONVERSION = YES;
				CLANG_WARN_INT_CONVERSION = YES;
				CLANG_WARN_OBJC_ROOT_CLASS = YES_ERROR;
				CLANG_WARN__DUPLICATE_METHOD_MATCH = YES;
				"CODE_SIGN_IDENTITY[sdk=iphoneos*]" = "iPhone Developer";
				COPY_PHASE_STRIP = YES;
				ENABLE_NS_ASSERTIONS = NO;
				GCC_C_LANGUAGE_STANDARD = gnu99;
				GCC_WARN_64_TO_32_BIT_CONVERSION = YES;
				GCC_WARN_ABOUT_RETURN_TYPE = YES_ERROR;
				GCC_WARN_UNDECLARED_SELECTOR = YES;
				GCC_WARN_UNINITIALIZED_AUTOS = YES;
				GCC_WARN_UNUSED_FUNCTION = YES;
				GCC_WARN_UNUSED_VARIABLE = YES;
				IPHONEOS_DEPLOYMENT_TARGET = 7.0;
				SDKROOT = iphoneos;
				TARGETED_DEVICE_FAMILY = 2;
				VALIDATE_PRODUCT = YES;
			};
			name = Release;
		};
		1E36252718CB280A00E08E4A /* Debug */ = {
			isa = XCBuildConfiguration;
			buildSettings = {
				ASSETCATALOG_COMPILER_APPICON_NAME = AppIcon;
				ASSETCATALOG_COMPILER_LAUNCHIMAGE_NAME = LaunchImage;
				GCC_PRECOMPILE_PREFIX_HEADER = YES;
				GCC_PREFIX_HEADER = "BlackMagic/BlackMagic-Prefix.pch";
				INFOPLIST_FILE = "BlackMagic/BlackMagic-Info.plist";
				PRODUCT_NAME = "$(TARGET_NAME)";
				SPRITEKIT_TEXTURE_ATLAS_OUTPUT = YES;
				WRAPPER_EXTENSION = app;
			};
			name = Debug;
		};
		1E36252818CB280A00E08E4A /* Release */ = {
			isa = XCBuildConfiguration;
			buildSettings = {
				ASSETCATALOG_COMPILER_APPICON_NAME = AppIcon;
				ASSETCATALOG_COMPILER_LAUNCHIMAGE_NAME = LaunchImage;
				GCC_PRECOMPILE_PREFIX_HEADER = YES;
				GCC_PREFIX_HEADER = "BlackMagic/BlackMagic-Prefix.pch";
				INFOPLIST_FILE = "BlackMagic/BlackMagic-Info.plist";
				PRODUCT_NAME = "$(TARGET_NAME)";
				SPRITEKIT_TEXTURE_ATLAS_OUTPUT = YES;
				WRAPPER_EXTENSION = app;
			};
			name = Release;
		};
		1E36252A18CB280A00E08E4A /* Debug */ = {
			isa = XCBuildConfiguration;
			buildSettings = {
				ARCHS = "$(ARCHS_STANDARD_INCLUDING_64_BIT)";
				BUNDLE_LOADER = "$(BUILT_PRODUCTS_DIR)/BlackMagic.app/BlackMagic";
				FRAMEWORK_SEARCH_PATHS = (
					"$(SDKROOT)/Developer/Library/Frameworks",
					"$(inherited)",
					"$(DEVELOPER_FRAMEWORKS_DIR)",
				);
				GCC_PRECOMPILE_PREFIX_HEADER = YES;
				GCC_PREFIX_HEADER = "BlackMagic/BlackMagic-Prefix.pch";
				GCC_PREPROCESSOR_DEFINITIONS = (
					"DEBUG=1",
					"$(inherited)",
				);
				INFOPLIST_FILE = "BlackMagicTests/BlackMagicTests-Info.plist";
				PRODUCT_NAME = "$(TARGET_NAME)";
				TEST_HOST = "$(BUNDLE_LOADER)";
				WRAPPER_EXTENSION = xctest;
			};
			name = Debug;
		};
		1E36252B18CB280A00E08E4A /* Release */ = {
			isa = XCBuildConfiguration;
			buildSettings = {
				ARCHS = "$(ARCHS_STANDARD_INCLUDING_64_BIT)";
				BUNDLE_LOADER = "$(BUILT_PRODUCTS_DIR)/BlackMagic.app/BlackMagic";
				FRAMEWORK_SEARCH_PATHS = (
					"$(SDKROOT)/Developer/Library/Frameworks",
					"$(inherited)",
					"$(DEVELOPER_FRAMEWORKS_DIR)",
				);
				GCC_PRECOMPILE_PREFIX_HEADER = YES;
				GCC_PREFIX_HEADER = "BlackMagic/BlackMagic-Prefix.pch";
				INFOPLIST_FILE = "BlackMagicTests/BlackMagicTests-Info.plist";
				PRODUCT_NAME = "$(TARGET_NAME)";
				TEST_HOST = "$(BUNDLE_LOADER)";
				WRAPPER_EXTENSION = xctest;
			};
			name = Release;
		};
/* End XCBuildConfiguration section */

/* Begin XCConfigurationList section */
		1E3624E818CB280A00E08E4A /* Build configuration list for PBXProject "BlackMagic" */ = {
			isa = XCConfigurationList;
			buildConfigurations = (
				1E36252418CB280A00E08E4A /* Debug */,
				1E36252518CB280A00E08E4A /* Release */,
			);
			defaultConfigurationIsVisible = 0;
			defaultConfigurationName = Release;
		};
		1E36252618CB280A00E08E4A /* Build configuration list for PBXNativeTarget "BlackMagic" */ = {
			isa = XCConfigurationList;
			buildConfigurations = (
				1E36252718CB280A00E08E4A /* Debug */,
				1E36252818CB280A00E08E4A /* Release */,
			);
			defaultConfigurationIsVisible = 0;
			defaultConfigurationName = Release;
		};
		1E36252918CB280A00E08E4A /* Build configuration list for PBXNativeTarget "BlackMagicTests" */ = {
			isa = XCConfigurationList;
			buildConfigurations = (
				1E36252A18CB280A00E08E4A /* Debug */,
				1E36252B18CB280A00E08E4A /* Release */,
			);
			defaultConfigurationIsVisible = 0;
			defaultConfigurationName = Release;
		};
/* End XCConfigurationList section */
	};
	rootObject = 1E3624E518CB280A00E08E4A /* Project object */;
}
